
Microsoft Visual Studio Solution File, Format Version 12.00
# Visual Studio Version 17
VisualStudioVersion = 17.0.32112.339
MinimumVisualStudioVersion = 10.0.40219.1
Project("{00D1A9C2-B5F0-4AF3-8072-F6C62B433612}") = "SeattleOpenData", "SeattleOpenData\SeattleOpenData.sqlproj", "{CF83CC74-FAFD-47F2-9BB9-ED0AEF421686}"
EndProject
Project("{2150E333-8FDC-42A3-9474-1A3956D46DE8}") = "target", "target", "{CD7BBEAC-9321-4868-A74E-7DE838413D6A}"
	ProjectSection(SolutionItems) = preProject
		target\appsettings.json = target\appsettings.json
		Keys.txt = Keys.txt
		SeattleOpenData\SqlSchemaCompare2.scmp = SeattleOpenData\SqlSchemaCompare2.scmp
	EndProjectSection
EndProject
Project("{00D1A9C2-B5F0-4AF3-8072-F6C62B433612}") = "SeattlePublicLibraryOpenData", "SeattlePublicLibraryOpenData\SeattlePublicLibraryOpenData.sqlproj", "{4E0FB89D-4E6C-456C-97C4-665D2F2FB7EE}"
EndProject
Project("{FAE04EC0-301F-11D3-BF4B-00C04F79EFBC}") = "TempLibrary", "TempLibrary\TempLibrary.csproj", "{43890445-821B-49BC-88EB-4DC38818AABD}"
EndProject
Global
	GlobalSection(SolutionConfigurationPlatforms) = preSolution
		Debug|Any CPU = Debug|Any CPU
		Release|Any CPU = Release|Any CPU
	EndGlobalSection
	GlobalSection(ProjectConfigurationPlatforms) = postSolution
		{CF83CC74-FAFD-47F2-9BB9-ED0AEF421686}.Debug|Any CPU.ActiveCfg = Debug|Any CPU
		{CF83CC74-FAFD-47F2-9BB9-ED0AEF421686}.Debug|Any CPU.Build.0 = Debug|Any CPU
		{CF83CC74-FAFD-47F2-9BB9-ED0AEF421686}.Debug|Any CPU.Deploy.0 = Debug|Any CPU
		{CF83CC74-FAFD-47F2-9BB9-ED0AEF421686}.Release|Any CPU.ActiveCfg = Release|Any CPU
		{CF83CC74-FAFD-47F2-9BB9-ED0AEF421686}.Release|Any CPU.Build.0 = Release|Any CPU
		{CF83CC74-FAFD-47F2-9BB9-ED0AEF421686}.Release|Any CPU.Deploy.0 = Release|Any CPU
		{4E0FB89D-4E6C-456C-97C4-665D2F2FB7EE}.Debug|Any CPU.ActiveCfg = Debug|Any CPU
		{4E0FB89D-4E6C-456C-97C4-665D2F2FB7EE}.Debug|Any CPU.Build.0 = Debug|Any CPU
		{4E0FB89D-4E6C-456C-97C4-665D2F2FB7EE}.Debug|Any CPU.Deploy.0 = Debug|Any CPU
		{4E0FB89D-4E6C-456C-97C4-665D2F2FB7EE}.Release|Any CPU.ActiveCfg = Release|Any CPU
		{4E0FB89D-4E6C-456C-97C4-665D2F2FB7EE}.Release|Any CPU.Build.0 = Release|Any CPU
		{4E0FB89D-4E6C-456C-97C4-665D2F2FB7EE}.Release|Any CPU.Deploy.0 = Release|Any CPU
		{43890445-821B-49BC-88EB-4DC38818AABD}.Debug|Any CPU.ActiveCfg = Debug|Any CPU
		{43890445-821B-49BC-88EB-4DC38818AABD}.Debug|Any CPU.Build.0 = Debug|Any CPU
		{43890445-821B-49BC-88EB-4DC38818AABD}.Release|Any CPU.ActiveCfg = Release|Any CPU
		{43890445-821B-49BC-88EB-4DC38818AABD}.Release|Any CPU.Build.0 = Release|Any CPU
	EndGlobalSection
	GlobalSection(SolutionProperties) = preSolution
		HideSolutionNode = FALSE
	EndGlobalSection
	GlobalSection(ExtensibilityGlobals) = postSolution
		SolutionGuid = {2F93FA6B-3DF2-4150-84D7-F5F73117A6F7}
	EndGlobalSection
EndGlobal
